
Microsoft Visual Studio Solution File, Format Version 12.00
# Visual Studio Version 16
VisualStudioVersion = 16.0.32002.261
MinimumVisualStudioVersion = 10.0.40219.1
Project("{FAE04EC0-301F-11D3-BF4B-00C04F79EFBC}") = "WebApplication13", "WebApplication13\WebApplication13.csproj", "{6CAD77B8-673B-433F-9A72-7AD02D71AFC4}"
EndProject
Global
	GlobalSection(SolutionConfigurationPlatforms) = preSolution
		Debug|Any CPU = Debug|Any CPU
		Release|Any CPU = Release|Any CPU
	EndGlobalSection
	GlobalSection(ProjectConfigurationPlatforms) = postSolution
		{6CAD77B8-673B-433F-9A72-7AD02D71AFC4}.Debug|Any CPU.ActiveCfg = Debug|Any CPU
		{6CAD77B8-673B-433F-9A72-7AD02D71AFC4}.Debug|Any CPU.Build.0 = Debug|Any CPU
		{6CAD77B8-673B-433F-9A72-7AD02D71AFC4}.Release|Any CPU.ActiveCfg = Release|Any CPU
		{6CAD77B8-673B-433F-9A72-7AD02D71AFC4}.Release|Any CPU.Build.0 = Release|Any CPU
	EndGlobalSection
	GlobalSection(SolutionProperties) = preSolution
		HideSolutionNode = FALSE
	EndGlobalSection
	GlobalSection(ExtensibilityGlobals) = postSolution
		SolutionGuid = {773B2B03-D4D7-476F-A912-8C4B6E182D03}
	EndGlobalSection
EndGlobal
